
Microsoft Visual Studio Solution File, Format Version 12.00
# Visual Studio Version 17
VisualStudioVersion = 17.3.32922.545
MinimumVisualStudioVersion = 10.0.40219.1
Project("{9A19103F-16F7-4668-BE54-9A1E7A4F7556}") = "Frontend_Project", "Reporting_Project\Frontend_Project.csproj", "{6B15F120-E516-4EA2-A1DB-DB8D251D58CC}"
EndProject
Global
	GlobalSection(SolutionConfigurationPlatforms) = preSolution
		Debug|Any CPU = Debug|Any CPU
		Release|Any CPU = Release|Any CPU
	EndGlobalSection
	GlobalSection(ProjectConfigurationPlatforms) = postSolution
		{6B15F120-E516-4EA2-A1DB-DB8D251D58CC}.Debug|Any CPU.ActiveCfg = Debug|Any CPU
		{6B15F120-E516-4EA2-A1DB-DB8D251D58CC}.Debug|Any CPU.Build.0 = Debug|Any CPU
		{6B15F120-E516-4EA2-A1DB-DB8D251D58CC}.Release|Any CPU.ActiveCfg = Release|Any CPU
		{6B15F120-E516-4EA2-A1DB-DB8D251D58CC}.Release|Any CPU.Build.0 = Release|Any CPU
	EndGlobalSection
	GlobalSection(SolutionProperties) = preSolution
		HideSolutionNode = FALSE
	EndGlobalSection
	GlobalSection(ExtensibilityGlobals) = postSolution
		SolutionGuid = {3789C152-75EE-401A-9286-94D116F002D4}
	EndGlobalSection
EndGlobal
